// !$*UTF8*$!
{
	archiveVersion = 1;
	classes = {
	};
	objectVersion = 56;
	objects = {

/* Begin PBXBuildFile section */
		2A42EE3E2AFFC0E700EDB01B /* generic_todoListApp.swift in Sources */ = {isa = PBXBuildFile; fileRef = 2A42EE3D2AFFC0E700EDB01B /* generic_todoListApp.swift */; };
		2A42EE402AFFC0E700EDB01B /* ContentView.swift in Sources */ = {isa = PBXBuildFile; fileRef = 2A42EE3F2AFFC0E700EDB01B /* ContentView.swift */; };
		2A42EE422AFFC0E800EDB01B /* Assets.xcassets in Resources */ = {isa = PBXBuildFile; fileRef = 2A42EE412AFFC0E800EDB01B /* Assets.xcassets */; };
		2A42EE452AFFC0E900EDB01B /* Preview Assets.xcassets in Resources */ = {isa = PBXBuildFile; fileRef = 2A42EE442AFFC0E900EDB01B /* Preview Assets.xcassets */; };
		2A42EE4E2AFFC1A600EDB01B /* RequestBuilder.swift in Sources */ = {isa = PBXBuildFile; fileRef = 2A42EE4C2AFFC1A600EDB01B /* RequestBuilder.swift */; };
		2A42EE4F2AFFC1A600EDB01B /* Endpoint.swift in Sources */ = {isa = PBXBuildFile; fileRef = 2A42EE4D2AFFC1A600EDB01B /* Endpoint.swift */; };
		2A42EE542AFFC1FE00EDB01B /* TaskItem.swift in Sources */ = {isa = PBXBuildFile; fileRef = 2A42EE522AFFC1FE00EDB01B /* TaskItem.swift */; };
		2A42EE552AFFC1FE00EDB01B /* TaskResponse.swift in Sources */ = {isa = PBXBuildFile; fileRef = 2A42EE532AFFC1FE00EDB01B /* TaskResponse.swift */; };
		2A42EE572AFFC20A00EDB01B /* NetworkService.swift in Sources */ = {isa = PBXBuildFile; fileRef = 2A42EE562AFFC20A00EDB01B /* NetworkService.swift */; };
		2A42EE5D2AFFC33000EDB01B /* NetworkError.swift in Sources */ = {isa = PBXBuildFile; fileRef = 2A42EE5B2AFFC33000EDB01B /* NetworkError.swift */; };
		2A42EE5E2AFFC33000EDB01B /* DateHelper.swift in Sources */ = {isa = PBXBuildFile; fileRef = 2A42EE5C2AFFC33000EDB01B /* DateHelper.swift */; };
		2A42EE652AFFC39700EDB01B /* TaskListViewModel.swift in Sources */ = {isa = PBXBuildFile; fileRef = 2A42EE632AFFC39700EDB01B /* TaskListViewModel.swift */; };
		2A42EE662AFFC39700EDB01B /* TaskItemViewModel.swift in Sources */ = {isa = PBXBuildFile; fileRef = 2A42EE642AFFC39700EDB01B /* TaskItemViewModel.swift */; };
		2A42EE682AFFD23D00EDB01B /* TaskStore.swift in Sources */ = {isa = PBXBuildFile; fileRef = 2A42EE672AFFD23D00EDB01B /* TaskStore.swift */; };
/* End PBXBuildFile section */

/* Begin PBXFileReference section */
		2A42EE3A2AFFC0E700EDB01B /* generic-todoList.app */ = {isa = PBXFileReference; explicitFileType = wrapper.application; includeInIndex = 0; path = "generic-todoList.app"; sourceTree = BUILT_PRODUCTS_DIR; };
		2A42EE3D2AFFC0E700EDB01B /* generic_todoListApp.swift */ = {isa = PBXFileReference; lastKnownFileType = sourcecode.swift; path = generic_todoListApp.swift; sourceTree = "<group>"; };
		2A42EE3F2AFFC0E700EDB01B /* ContentView.swift */ = {isa = PBXFileReference; lastKnownFileType = sourcecode.swift; path = ContentView.swift; sourceTree = "<group>"; };
		2A42EE412AFFC0E800EDB01B /* Assets.xcassets */ = {isa = PBXFileReference; lastKnownFileType = folder.assetcatalog; path = Assets.xcassets; sourceTree = "<group>"; };
		2A42EE442AFFC0E900EDB01B /* Preview Assets.xcassets */ = {isa = PBXFileReference; lastKnownFileType = folder.assetcatalog; path = "Preview Assets.xcassets"; sourceTree = "<group>"; };
		2A42EE4C2AFFC1A600EDB01B /* RequestBuilder.swift */ = {isa = PBXFileReference; fileEncoding = 4; lastKnownFileType = sourcecode.swift; path = RequestBuilder.swift; sourceTree = "<group>"; };
		2A42EE4D2AFFC1A600EDB01B /* Endpoint.swift */ = {isa = PBXFileReference; fileEncoding = 4; lastKnownFileType = sourcecode.swift; path = Endpoint.swift; sourceTree = "<group>"; };
		2A42EE522AFFC1FE00EDB01B /* TaskItem.swift */ = {isa = PBXFileReference; fileEncoding = 4; lastKnownFileType = sourcecode.swift; path = TaskItem.swift; sourceTree = "<group>"; };
		2A42EE532AFFC1FE00EDB01B /* TaskResponse.swift */ = {isa = PBXFileReference; fileEncoding = 4; lastKnownFileType = sourcecode.swift; path = TaskResponse.swift; sourceTree = "<group>"; };
		2A42EE562AFFC20A00EDB01B /* NetworkService.swift */ = {isa = PBXFileReference; fileEncoding = 4; lastKnownFileType = sourcecode.swift; path = NetworkService.swift; sourceTree = "<group>"; };
		2A42EE5B2AFFC33000EDB01B /* NetworkError.swift */ = {isa = PBXFileReference; fileEncoding = 4; lastKnownFileType = sourcecode.swift; path = NetworkError.swift; sourceTree = "<group>"; };
		2A42EE5C2AFFC33000EDB01B /* DateHelper.swift */ = {isa = PBXFileReference; fileEncoding = 4; lastKnownFileType = sourcecode.swift; path = DateHelper.swift; sourceTree = "<group>"; };
		2A42EE632AFFC39700EDB01B /* TaskListViewModel.swift */ = {isa = PBXFileReference; fileEncoding = 4; lastKnownFileType = sourcecode.swift; path = TaskListViewModel.swift; sourceTree = "<group>"; };
		2A42EE642AFFC39700EDB01B /* TaskItemViewModel.swift */ = {isa = PBXFileReference; fileEncoding = 4; lastKnownFileType = sourcecode.swift; path = TaskItemViewModel.swift; sourceTree = "<group>"; };
		2A42EE672AFFD23D00EDB01B /* TaskStore.swift */ = {isa = PBXFileReference; fileEncoding = 4; lastKnownFileType = sourcecode.swift; path = TaskStore.swift; sourceTree = "<group>"; };
/* End PBXFileReference section */

/* Begin PBXFrameworksBuildPhase section */
		2A42EE372AFFC0E700EDB01B /* Frameworks */ = {
			isa = PBXFrameworksBuildPhase;
			buildActionMask = 2147483647;
			files = (
			);
			runOnlyForDeploymentPostprocessing = 0;
		};
/* End PBXFrameworksBuildPhase section */

/* Begin PBXGroup section */
		2A42EE312AFFC0E700EDB01B = {
			isa = PBXGroup;
			children = (
				2A42EE3C2AFFC0E700EDB01B /* generic-todoList */,
				2A42EE3B2AFFC0E700EDB01B /* Products */,
			);
			sourceTree = "<group>";
		};
		2A42EE3B2AFFC0E700EDB01B /* Products */ = {
			isa = PBXGroup;
			children = (
				2A42EE3A2AFFC0E700EDB01B /* generic-todoList.app */,
			);
			name = Products;
			sourceTree = "<group>";
		};
		2A42EE3C2AFFC0E700EDB01B /* generic-todoList */ = {
			isa = PBXGroup;
			children = (
				2A42EE622AFFC38600EDB01B /* ViewModels */,
				2A42EE612AFFC36C00EDB01B /* App */,
				2A42EE602AFFC35E00EDB01B /* Views */,
				2A42EE5F2AFFC35100EDB01B /* Store */,
				2A42EE5A2AFFC32300EDB01B /* Helpers */,
				2A42EE512AFFC1C800EDB01B /* Services */,
				2A42EE502AFFC1C300EDB01B /* Models */,
				2A42EE4B2AFFC19200EDB01B /* Networking */,
				2A42EE412AFFC0E800EDB01B /* Assets.xcassets */,
				2A42EE432AFFC0E900EDB01B /* Preview Content */,
			);
			path = "generic-todoList";
			sourceTree = "<group>";
		};
		2A42EE432AFFC0E900EDB01B /* Preview Content */ = {
			isa = PBXGroup;
			children = (
				2A42EE442AFFC0E900EDB01B /* Preview Assets.xcassets */,
			);
			path = "Preview Content";
			sourceTree = "<group>";
		};
		2A42EE4B2AFFC19200EDB01B /* Networking */ = {
			isa = PBXGroup;
			children = (
				2A42EE4D2AFFC1A600EDB01B /* Endpoint.swift */,
				2A42EE4C2AFFC1A600EDB01B /* RequestBuilder.swift */,
			);
			path = Networking;
			sourceTree = "<group>";
		};
		2A42EE502AFFC1C300EDB01B /* Models */ = {
			isa = PBXGroup;
			children = (
				2A42EE522AFFC1FE00EDB01B /* TaskItem.swift */,
				2A42EE532AFFC1FE00EDB01B /* TaskResponse.swift */,
			);
			path = Models;
			sourceTree = "<group>";
		};
		2A42EE512AFFC1C800EDB01B /* Services */ = {
			isa = PBXGroup;
			children = (
				2A42EE562AFFC20A00EDB01B /* NetworkService.swift */,
			);
			path = Services;
			sourceTree = "<group>";
		};
		2A42EE5A2AFFC32300EDB01B /* Helpers */ = {
			isa = PBXGroup;
			children = (
				2A42EE5C2AFFC33000EDB01B /* DateHelper.swift */,
				2A42EE5B2AFFC33000EDB01B /* NetworkError.swift */,
			);
			path = Helpers;
			sourceTree = "<group>";
		};
		2A42EE5F2AFFC35100EDB01B /* Store */ = {
			isa = PBXGroup;
			children = (
				2A42EE672AFFD23D00EDB01B /* TaskStore.swift */,
			);
			path = Store;
			sourceTree = "<group>";
		};
		2A42EE602AFFC35E00EDB01B /* Views */ = {
			isa = PBXGroup;
			children = (
			);
			path = Views;
			sourceTree = "<group>";
		};
		2A42EE612AFFC36C00EDB01B /* App */ = {
			isa = PBXGroup;
			children = (
				2A42EE3D2AFFC0E700EDB01B /* generic_todoListApp.swift */,
				2A42EE3F2AFFC0E700EDB01B /* ContentView.swift */,
			);
			path = App;
			sourceTree = "<group>";
		};
		2A42EE622AFFC38600EDB01B /* ViewModels */ = {
			isa = PBXGroup;
			children = (
				2A42EE642AFFC39700EDB01B /* TaskItemViewModel.swift */,
				2A42EE632AFFC39700EDB01B /* TaskListViewModel.swift */,
			);
			path = ViewModels;
			sourceTree = "<group>";
		};
/* End PBXGroup section */

/* Begin PBXNativeTarget section */
		2A42EE392AFFC0E700EDB01B /* generic-todoList */ = {
			isa = PBXNativeTarget;
			buildConfigurationList = 2A42EE482AFFC0E900EDB01B /* Build configuration list for PBXNativeTarget "generic-todoList" */;
			buildPhases = (
				2A42EE362AFFC0E700EDB01B /* Sources */,
				2A42EE372AFFC0E700EDB01B /* Frameworks */,
				2A42EE382AFFC0E700EDB01B /* Resources */,
			);
			buildRules = (
			);
			dependencies = (
			);
			name = "generic-todoList";
			productName = "generic-todoList";
			productReference = 2A42EE3A2AFFC0E700EDB01B /* generic-todoList.app */;
			productType = "com.apple.product-type.application";
		};
/* End PBXNativeTarget section */

/* Begin PBXProject section */
		2A42EE322AFFC0E700EDB01B /* Project object */ = {
			isa = PBXProject;
			attributes = {
				BuildIndependentTargetsInParallel = 1;
				LastSwiftUpdateCheck = 1500;
				LastUpgradeCheck = 1500;
				TargetAttributes = {
					2A42EE392AFFC0E700EDB01B = {
						CreatedOnToolsVersion = 15.0.1;
					};
				};
			};
			buildConfigurationList = 2A42EE352AFFC0E700EDB01B /* Build configuration list for PBXProject "generic-todoList" */;
			compatibilityVersion = "Xcode 14.0";
			developmentRegion = en;
			hasScannedForEncodings = 0;
			knownRegions = (
				en,
				Base,
			);
			mainGroup = 2A42EE312AFFC0E700EDB01B;
			productRefGroup = 2A42EE3B2AFFC0E700EDB01B /* Products */;
			projectDirPath = "";
			projectRoot = "";
			targets = (
				2A42EE392AFFC0E700EDB01B /* generic-todoList */,
			);
		};
/* End PBXProject section */

/* Begin PBXResourcesBuildPhase section */
		2A42EE382AFFC0E700EDB01B /* Resources */ = {
			isa = PBXResourcesBuildPhase;
			buildActionMask = 2147483647;
			files = (
				2A42EE452AFFC0E900EDB01B /* Preview Assets.xcassets in Resources */,
				2A42EE422AFFC0E800EDB01B /* Assets.xcassets in Resources */,
			);
			runOnlyForDeploymentPostprocessing = 0;
		};
/* End PBXResourcesBuildPhase section */

/* Begin PBXSourcesBuildPhase section */
		2A42EE362AFFC0E700EDB01B /* Sources */ = {
			isa = PBXSourcesBuildPhase;
			buildActionMask = 2147483647;
			files = (
				2A42EE4E2AFFC1A600EDB01B /* RequestBuilder.swift in Sources */,
				2A42EE5D2AFFC33000EDB01B /* NetworkError.swift in Sources */,
				2A42EE682AFFD23D00EDB01B /* TaskStore.swift in Sources */,
				2A42EE542AFFC1FE00EDB01B /* TaskItem.swift in Sources */,
				2A42EE402AFFC0E700EDB01B /* ContentView.swift in Sources */,
				2A42EE552AFFC1FE00EDB01B /* TaskResponse.swift in Sources */,
				2A42EE4F2AFFC1A600EDB01B /* Endpoint.swift in Sources */,
				2A42EE5E2AFFC33000EDB01B /* DateHelper.swift in Sources */,
				2A42EE662AFFC39700EDB01B /* TaskItemViewModel.swift in Sources */,
				2A42EE652AFFC39700EDB01B /* TaskListViewModel.swift in Sources */,
				2A42EE3E2AFFC0E700EDB01B /* generic_todoListApp.swift in Sources */,
				2A42EE572AFFC20A00EDB01B /* NetworkService.swift in Sources */,
			);
			runOnlyForDeploymentPostprocessing = 0;
		};
/* End PBXSourcesBuildPhase section */

/* Begin XCBuildConfiguration section */
		2A42EE462AFFC0E900EDB01B /* Debug */ = {
			isa = XCBuildConfiguration;
			buildSettings = {
				ALWAYS_SEARCH_USER_PATHS = NO;
				ASSETCATALOG_COMPILER_GENERATE_SWIFT_ASSET_SYMBOL_EXTENSIONS = YES;
				CLANG_ANALYZER_NONNULL = YES;
				CLANG_ANALYZER_NUMBER_OBJECT_CONVERSION = YES_AGGRESSIVE;
				CLANG_CXX_LANGUAGE_STANDARD = "gnu++20";
				CLANG_ENABLE_MODULES = YES;
				CLANG_ENABLE_OBJC_ARC = YES;
				CLANG_ENABLE_OBJC_WEAK = YES;
				CLANG_WARN_BLOCK_CAPTURE_AUTORELEASING = YES;
				CLANG_WARN_BOOL_CONVERSION = YES;
				CLANG_WARN_COMMA = YES;
				CLANG_WARN_CONSTANT_CONVERSION = YES;
				CLANG_WARN_DEPRECATED_OBJC_IMPLEMENTATIONS = YES;
				CLANG_WARN_DIRECT_OBJC_ISA_USAGE = YES_ERROR;
				CLANG_WARN_DOCUMENTATION_COMMENTS = YES;
				CLANG_WARN_EMPTY_BODY = YES;
				CLANG_WARN_ENUM_CONVERSION = YES;
				CLANG_WARN_INFINITE_RECURSION = YES;
				CLANG_WARN_INT_CONVERSION = YES;
				CLANG_WARN_NON_LITERAL_NULL_CONVERSION = YES;
				CLANG_WARN_OBJC_IMPLICIT_RETAIN_SELF = YES;
				CLANG_WARN_OBJC_LITERAL_CONVERSION = YES;
				CLANG_WARN_OBJC_ROOT_CLASS = YES_ERROR;
				CLANG_WARN_QUOTED_INCLUDE_IN_FRAMEWORK_HEADER = YES;
				CLANG_WARN_RANGE_LOOP_ANALYSIS = YES;
				CLANG_WARN_STRICT_PROTOTYPES = YES;
				CLANG_WARN_SUSPICIOUS_MOVE = YES;
				CLANG_WARN_UNGUARDED_AVAILABILITY = YES_AGGRESSIVE;
				CLANG_WARN_UNREACHABLE_CODE = YES;
				CLANG_WARN__DUPLICATE_METHOD_MATCH = YES;
				COPY_PHASE_STRIP = NO;
				DEBUG_INFORMATION_FORMAT = dwarf;
				ENABLE_STRICT_OBJC_MSGSEND = YES;
				ENABLE_TESTABILITY = YES;
				ENABLE_USER_SCRIPT_SANDBOXING = YES;
				GCC_C_LANGUAGE_STANDARD = gnu17;
				GCC_DYNAMIC_NO_PIC = NO;
				GCC_NO_COMMON_BLOCKS = YES;
				GCC_OPTIMIZATION_LEVEL = 0;
				GCC_PREPROCESSOR_DEFINITIONS = (
					"DEBUG=1",
					"$(inherited)",
				);
				GCC_WARN_64_TO_32_BIT_CONVERSION = YES;
				GCC_WARN_ABOUT_RETURN_TYPE = YES_ERROR;
				GCC_WARN_UNDECLARED_SELECTOR = YES;
				GCC_WARN_UNINITIALIZED_AUTOS = YES_AGGRESSIVE;
				GCC_WARN_UNUSED_FUNCTION = YES;
				GCC_WARN_UNUSED_VARIABLE = YES;
				IPHONEOS_DEPLOYMENT_TARGET = 17.0;
				LOCALIZATION_PREFERS_STRING_CATALOGS = YES;
				MTL_ENABLE_DEBUG_INFO = INCLUDE_SOURCE;
				MTL_FAST_MATH = YES;
				ONLY_ACTIVE_ARCH = YES;
				SDKROOT = iphoneos;
				SWIFT_ACTIVE_COMPILATION_CONDITIONS = "DEBUG $(inherited)";
				SWIFT_OPTIMIZATION_LEVEL = "-Onone";
			};
			name = Debug;
		};
		2A42EE472AFFC0E900EDB01B /* Release */ = {
			isa = XCBuildConfiguration;
			buildSettings = {
				ALWAYS_SEARCH_USER_PATHS = NO;
				ASSETCATALOG_COMPILER_GENERATE_SWIFT_ASSET_SYMBOL_EXTENSIONS = YES;
				CLANG_ANALYZER_NONNULL = YES;
				CLANG_ANALYZER_NUMBER_OBJECT_CONVERSION = YES_AGGRESSIVE;
				CLANG_CXX_LANGUAGE_STANDARD = "gnu++20";
				CLANG_ENABLE_MODULES = YES;
				CLANG_ENABLE_OBJC_ARC = YES;
				CLANG_ENABLE_OBJC_WEAK = YES;
				CLANG_WARN_BLOCK_CAPTURE_AUTORELEASING = YES;
				CLANG_WARN_BOOL_CONVERSION = YES;
				CLANG_WARN_COMMA = YES;
				CLANG_WARN_CONSTANT_CONVERSION = YES;
				CLANG_WARN_DEPRECATED_OBJC_IMPLEMENTATIONS = YES;
				CLANG_WARN_DIRECT_OBJC_ISA_USAGE = YES_ERROR;
				CLANG_WARN_DOCUMENTATION_COMMENTS = YES;
				CLANG_WARN_EMPTY_BODY = YES;
				CLANG_WARN_ENUM_CONVERSION = YES;
				CLANG_WARN_INFINITE_RECURSION = YES;
				CLANG_WARN_INT_CONVERSION = YES;
				CLANG_WARN_NON_LITERAL_NULL_CONVERSION = YES;
				CLANG_WARN_OBJC_IMPLICIT_RETAIN_SELF = YES;
				CLANG_WARN_OBJC_LITERAL_CONVERSION = YES;
				CLANG_WARN_OBJC_ROOT_CLASS = YES_ERROR;
				CLANG_WARN_QUOTED_INCLUDE_IN_FRAMEWORK_HEADER = YES;
				CLANG_WARN_RANGE_LOOP_ANALYSIS = YES;
				CLANG_WARN_STRICT_PROTOTYPES = YES;
				CLANG_WARN_SUSPICIOUS_MOVE = YES;
				CLANG_WARN_UNGUARDED_AVAILABILITY = YES_AGGRESSIVE;
				CLANG_WARN_UNREACHABLE_CODE = YES;
				CLANG_WARN__DUPLICATE_METHOD_MATCH = YES;
				COPY_PHASE_STRIP = NO;
				DEBUG_INFORMATION_FORMAT = "dwarf-with-dsym";
				ENABLE_NS_ASSERTIONS = NO;
				ENABLE_STRICT_OBJC_MSGSEND = YES;
				ENABLE_USER_SCRIPT_SANDBOXING = YES;
				GCC_C_LANGUAGE_STANDARD = gnu17;
				GCC_NO_COMMON_BLOCKS = YES;
				GCC_WARN_64_TO_32_BIT_CONVERSION = YES;
				GCC_WARN_ABOUT_RETURN_TYPE = YES_ERROR;
				GCC_WARN_UNDECLARED_SELECTOR = YES;
				GCC_WARN_UNINITIALIZED_AUTOS = YES_AGGRESSIVE;
				GCC_WARN_UNUSED_FUNCTION = YES;
				GCC_WARN_UNUSED_VARIABLE = YES;
				IPHONEOS_DEPLOYMENT_TARGET = 17.0;
				LOCALIZATION_PREFERS_STRING_CATALOGS = YES;
				MTL_ENABLE_DEBUG_INFO = NO;
				MTL_FAST_MATH = YES;
				SDKROOT = iphoneos;
				SWIFT_COMPILATION_MODE = wholemodule;
				VALIDATE_PRODUCT = YES;
			};
			name = Release;
		};
		2A42EE492AFFC0E900EDB01B /* Debug */ = {
			isa = XCBuildConfiguration;
			buildSettings = {
				ASSETCATALOG_COMPILER_APPICON_NAME = AppIcon;
				ASSETCATALOG_COMPILER_GLOBAL_ACCENT_COLOR_NAME = AccentColor;
				CODE_SIGN_STYLE = Automatic;
				CURRENT_PROJECT_VERSION = 1;
				DEVELOPMENT_ASSET_PATHS = "\"generic-todoList/Preview Content\"";
				DEVELOPMENT_TEAM = WAGYL8M8CW;
				ENABLE_PREVIEWS = YES;
				GENERATE_INFOPLIST_FILE = YES;
				INFOPLIST_KEY_UIApplicationSceneManifest_Generation = YES;
				INFOPLIST_KEY_UIApplicationSupportsIndirectInputEvents = YES;
				INFOPLIST_KEY_UILaunchScreen_Generation = YES;
				INFOPLIST_KEY_UISupportedInterfaceOrientations_iPad = "UIInterfaceOrientationPortrait UIInterfaceOrientationPortraitUpsideDown UIInterfaceOrientationLandscapeLeft UIInterfaceOrientationLandscapeRight";
				INFOPLIST_KEY_UISupportedInterfaceOrientations_iPhone = "UIInterfaceOrientationPortrait UIInterfaceOrientationLandscapeLeft UIInterfaceOrientationLandscapeRight";
				LD_RUNPATH_SEARCH_PATHS = (
					"$(inherited)",
					"@executable_path/Frameworks",
				);
				MARKETING_VERSION = 1.0;
				PRODUCT_BUNDLE_IDENTIFIER = "com.martin-urciuoli.dev.generic-todoList";
				PRODUCT_NAME = "$(TARGET_NAME)";
				SWIFT_EMIT_LOC_STRINGS = YES;
				SWIFT_VERSION = 5.0;
				TARGETED_DEVICE_FAMILY = "1,2";
			};
			name = Debug;
		};
		2A42EE4A2AFFC0E900EDB01B /* Release */ = {
			isa = XCBuildConfiguration;
			buildSettings = {
				ASSETCATALOG_COMPILER_APPICON_NAME = AppIcon;
				ASSETCATALOG_COMPILER_GLOBAL_ACCENT_COLOR_NAME = AccentColor;
				CODE_SIGN_STYLE = Automatic;
				CURRENT_PROJECT_VERSION = 1;
				DEVELOPMENT_ASSET_PATHS = "\"generic-todoList/Preview Content\"";
				DEVELOPMENT_TEAM = WAGYL8M8CW;
				ENABLE_PREVIEWS = YES;
				GENERATE_INFOPLIST_FILE = YES;
				INFOPLIST_KEY_UIApplicationSceneManifest_Generation = YES;
				INFOPLIST_KEY_UIApplicationSupportsIndirectInputEvents = YES;
				INFOPLIST_KEY_UILaunchScreen_Generation = YES;
				INFOPLIST_KEY_UISupportedInterfaceOrientations_iPad = "UIInterfaceOrientationPortrait UIInterfaceOrientationPortraitUpsideDown UIInterfaceOrientationLandscapeLeft UIInterfaceOrientationLandscapeRight";
				INFOPLIST_KEY_UISupportedInterfaceOrientations_iPhone = "UIInterfaceOrientationPortrait UIInterfaceOrientationLandscapeLeft UIInterfaceOrientationLandscapeRight";
				LD_RUNPATH_SEARCH_PATHS = (
					"$(inherited)",
					"@executable_path/Frameworks",
				);
				MARKETING_VERSION = 1.0;
				PRODUCT_BUNDLE_IDENTIFIER = "com.martin-urciuoli.dev.generic-todoList";
				PRODUCT_NAME = "$(TARGET_NAME)";
				SWIFT_EMIT_LOC_STRINGS = YES;
				SWIFT_VERSION = 5.0;
				TARGETED_DEVICE_FAMILY = "1,2";
			};
			name = Release;
		};
/* End XCBuildConfiguration section */

/* Begin XCConfigurationList section */
		2A42EE352AFFC0E700EDB01B /* Build configuration list for PBXProject "generic-todoList" */ = {
			isa = XCConfigurationList;
			buildConfigurations = (
				2A42EE462AFFC0E900EDB01B /* Debug */,
				2A42EE472AFFC0E900EDB01B /* Release */,
			);
			defaultConfigurationIsVisible = 0;
			defaultConfigurationName = Release;
		};
		2A42EE482AFFC0E900EDB01B /* Build configuration list for PBXNativeTarget "generic-todoList" */ = {
			isa = XCConfigurationList;
			buildConfigurations = (
				2A42EE492AFFC0E900EDB01B /* Debug */,
				2A42EE4A2AFFC0E900EDB01B /* Release */,
			);
			defaultConfigurationIsVisible = 0;
			defaultConfigurationName = Release;
		};
/* End XCConfigurationList section */
	};
	rootObject = 2A42EE322AFFC0E700EDB01B /* Project object */;
}
